
Microsoft Visual Studio Solution File, Format Version 12.00
# Visual Studio Version 16
VisualStudioVersion = 16.0.31727.386
MinimumVisualStudioVersion = 10.0.40219.1
Project("{FAE04EC0-301F-11D3-BF4B-00C04F79EFBC}") = "Mathematics", "Mathematics.csproj", "{7301FF52-C0E2-403B-AFE1-751C3E21CF9C}"
EndProject
Project("{FAE04EC0-301F-11D3-BF4B-00C04F79EFBC}") = "Mathematics.test", "..\Mathematics.test\Mathematics.test.csproj", "{93BC2B13-33E5-4E52-856B-B1262629664C}"
EndProject
Global
	GlobalSection(SolutionConfigurationPlatforms) = preSolution
		Debug|Any CPU = Debug|Any CPU
		Release|Any CPU = Release|Any CPU
	EndGlobalSection
	GlobalSection(ProjectConfigurationPlatforms) = postSolution
		{7301FF52-C0E2-403B-AFE1-751C3E21CF9C}.Debug|Any CPU.ActiveCfg = Debug|Any CPU
		{7301FF52-C0E2-403B-AFE1-751C3E21CF9C}.Debug|Any CPU.Build.0 = Debug|Any CPU
		{7301FF52-C0E2-403B-AFE1-751C3E21CF9C}.Release|Any CPU.ActiveCfg = Release|Any CPU
		{7301FF52-C0E2-403B-AFE1-751C3E21CF9C}.Release|Any CPU.Build.0 = Release|Any CPU
		{93BC2B13-33E5-4E52-856B-B1262629664C}.Debug|Any CPU.ActiveCfg = Debug|Any CPU
		{93BC2B13-33E5-4E52-856B-B1262629664C}.Debug|Any CPU.Build.0 = Debug|Any CPU
		{93BC2B13-33E5-4E52-856B-B1262629664C}.Release|Any CPU.ActiveCfg = Release|Any CPU
		{93BC2B13-33E5-4E52-856B-B1262629664C}.Release|Any CPU.Build.0 = Release|Any CPU
	EndGlobalSection
	GlobalSection(SolutionProperties) = preSolution
		HideSolutionNode = FALSE
	EndGlobalSection
	GlobalSection(ExtensibilityGlobals) = postSolution
		SolutionGuid = {B28CDA95-1CAF-45F1-83EB-A6FED070AD35}
	EndGlobalSection
EndGlobal
